
Microsoft Visual Studio Solution File, Format Version 12.00
# Visual Studio Version 17
VisualStudioVersion = 17.6.33723.286
MinimumVisualStudioVersion = 10.0.40219.1
Project("{FAE04EC0-301F-11D3-BF4B-00C04F79EFBC}") = "Inventory Management Application", "Inventory Management Application\Inventory Management Application.csproj", "{FF09CD86-40CD-4418-9572-271D3C32FAE9}"
EndProject
Global
	GlobalSection(SolutionConfigurationPlatforms) = preSolution
		Debug|Any CPU = Debug|Any CPU
		Release|Any CPU = Release|Any CPU
	EndGlobalSection
	GlobalSection(ProjectConfigurationPlatforms) = postSolution
		{FF09CD86-40CD-4418-9572-271D3C32FAE9}.Debug|Any CPU.ActiveCfg = Debug|Any CPU
		{FF09CD86-40CD-4418-9572-271D3C32FAE9}.Debug|Any CPU.Build.0 = Debug|Any CPU
		{FF09CD86-40CD-4418-9572-271D3C32FAE9}.Release|Any CPU.ActiveCfg = Release|Any CPU
		{FF09CD86-40CD-4418-9572-271D3C32FAE9}.Release|Any CPU.Build.0 = Release|Any CPU
	EndGlobalSection
	GlobalSection(SolutionProperties) = preSolution
		HideSolutionNode = FALSE
	EndGlobalSection
	GlobalSection(ExtensibilityGlobals) = postSolution
		SolutionGuid = {B443EE9C-3218-486D-BD84-F63385BE13C2}
	EndGlobalSection
EndGlobal
